PODS:
  - FlutterMacOS (1.0.0)
  - openpgp (0.6.0):
    - FlutterMacOS

DEPENDENCIES:
  - FlutterMacOS (from `Flutter/ephemeral`)
  - openpgp (from `Flutter/ephemeral/.symlinks/plugins/openpgp/macos`)

EXTERNAL SOURCES:
  FlutterMacOS:
    :path: Flutter/ephemeral
  openpgp:
    :path: Flutter/ephemeral/.symlinks/plugins/openpgp/macos

SPEC CHECKSUMS:
  FlutterMacOS: d0db08ddef1a9af05a5ec4b724367152bb0500b1
  openpgp: aa2bcc0718d86e19ef9972022a60c5838750fa9a

PODFILE CHECKSUM: 54d867c82ac51cbd61b565781b9fada492027009

COCOAPODS: 1.16.2
